
Microsoft Visual Studio Solution File, Format Version 12.00
# Visual Studio Version 16
VisualStudioVersion = 16.0.30413.136
MinimumVisualStudioVersion = 10.0.40219.1
Project("{FAE04EC0-301F-11D3-BF4B-00C04F79EFBC}") = "Checkers_kard", "Checkers_kard\Checkers_kard.csproj", "{8082A1C2-849E-43E9-A407-4AC2D6A2922B}"
EndProject
Global
	GlobalSection(SolutionConfigurationPlatforms) = preSolution
		Debug|Any CPU = Debug|Any CPU
		Release|Any CPU = Release|Any CPU
	EndGlobalSection
	GlobalSection(ProjectConfigurationPlatforms) = postSolution
		{8082A1C2-849E-43E9-A407-4AC2D6A2922B}.Debug|Any CPU.ActiveCfg = Debug|Any CPU
		{8082A1C2-849E-43E9-A407-4AC2D6A2922B}.Debug|Any CPU.Build.0 = Debug|Any CPU
		{8082A1C2-849E-43E9-A407-4AC2D6A2922B}.Release|Any CPU.ActiveCfg = Release|Any CPU
		{8082A1C2-849E-43E9-A407-4AC2D6A2922B}.Release|Any CPU.Build.0 = Release|Any CPU
	EndGlobalSection
	GlobalSection(SolutionProperties) = preSolution
		HideSolutionNode = FALSE
	EndGlobalSection
	GlobalSection(ExtensibilityGlobals) = postSolution
		SolutionGuid = {E78516D7-DAD0-4EC3-9B6C-A5282EB0E124}
	EndGlobalSection
EndGlobal
